
Microsoft Visual Studio Solution File, Format Version 12.00
# Visual Studio Version 17
VisualStudioVersion = 17.4.33110.190
MinimumVisualStudioVersion = 10.0.40219.1
Project("{FAE04EC0-301F-11D3-BF4B-00C04F79EFBC}") = "Vyhodnocovac", "Vyhodnocovac\Vyhodnocovac.csproj", "{858506C8-6C1D-4CC6-A342-28B31E482C3D}"
EndProject
Global
	GlobalSection(SolutionConfigurationPlatforms) = preSolution
		Debug|Any CPU = Debug|Any CPU
		Release|Any CPU = Release|Any CPU
	EndGlobalSection
	GlobalSection(ProjectConfigurationPlatforms) = postSolution
		{858506C8-6C1D-4CC6-A342-28B31E482C3D}.Debug|Any CPU.ActiveCfg = Debug|Any CPU
		{858506C8-6C1D-4CC6-A342-28B31E482C3D}.Debug|Any CPU.Build.0 = Debug|Any CPU
		{858506C8-6C1D-4CC6-A342-28B31E482C3D}.Release|Any CPU.ActiveCfg = Release|Any CPU
		{858506C8-6C1D-4CC6-A342-28B31E482C3D}.Release|Any CPU.Build.0 = Release|Any CPU
	EndGlobalSection
	GlobalSection(SolutionProperties) = preSolution
		HideSolutionNode = FALSE
	EndGlobalSection
	GlobalSection(ExtensibilityGlobals) = postSolution
		SolutionGuid = {024514E9-ACC5-4CCE-A6EF-2E1711E20F64}
	EndGlobalSection
EndGlobal
